// !$*UTF8*$!
{
	archiveVersion = 1;
	classes = {
	};
	objectVersion = 46;
	objects = {

/* Begin PBXBuildFile section */
		848D894B19C159910029B28E /* Empleado.m in Sources */ = {isa = PBXBuildFile; fileRef = 848D894A19C159910029B28E /* Empleado.m */; };
		848D894E19C15D9B0029B28E /* MenuViewController.m in Sources */ = {isa = PBXBuildFile; fileRef = 848D894D19C15D9B0029B28E /* MenuViewController.m */; };
		901D23D219BFA78900A03416 /* horas.plist in Resources */ = {isa = PBXBuildFile; fileRef = 901D23D119BFA78900A03416 /* horas.plist */; };
		901D23D819BFAA1E00A03416 /* HorasViewController.m in Sources */ = {isa = PBXBuildFile; fileRef = 901D23D719BFAA1E00A03416 /* HorasViewController.m */; };
		901D24EB19BFE8F400A03416 /* time.png in Resources */ = {isa = PBXBuildFile; fileRef = 901D24EA19BFE8F400A03416 /* time.png */; };
		90AD9DCB19C1F195002AEDB1 /* splash.png in Resources */ = {isa = PBXBuildFile; fileRef = 90AD9DC919C1F195002AEDB1 /* splash.png */; };
		90AD9DCC19C1F195002AEDB1 /* splash@2x.png in Resources */ = {isa = PBXBuildFile; fileRef = 90AD9DCA19C1F195002AEDB1 /* splash@2x.png */; };
		90AD9DD019C1F5E5002AEDB1 /* splash@3x.png in Resources */ = {isa = PBXBuildFile; fileRef = 90AD9DCF19C1F5E5002AEDB1 /* splash@3x.png */; };
		90AD9DD619C1F8D7002AEDB1 /* icon.png in Resources */ = {isa = PBXBuildFile; fileRef = 90AD9DD319C1F8D7002AEDB1 /* icon.png */; };
		90AD9DD719C1F8D7002AEDB1 /* icon@2x.png in Resources */ = {isa = PBXBuildFile; fileRef = 90AD9DD419C1F8D7002AEDB1 /* icon@2x.png */; };
		90AD9DD819C1F8D7002AEDB1 /* icon@3x.png in Resources */ = {isa = PBXBuildFile; fileRef = 90AD9DD519C1F8D7002AEDB1 /* icon@3x.png */; };
		90E1B8DF19BB77C400247D97 /* Foundation.framework in Frameworks */ = {isa = PBXBuildFile; fileRef = 90E1B8DE19BB77C400247D97 /* Foundation.framework */; };
		90E1B8E119BB77C400247D97 /* CoreGraphics.framework in Frameworks */ = {isa = PBXBuildFile; fileRef = 90E1B8E019BB77C400247D97 /* CoreGraphics.framework */; };
		90E1B8E319BB77C400247D97 /* UIKit.framework in Frameworks */ = {isa = PBXBuildFile; fileRef = 90E1B8E219BB77C400247D97 /* UIKit.framework */; };
		90E1B8E919BB77C400247D97 /* InfoPlist.strings in Resources */ = {isa = PBXBuildFile; fileRef = 90E1B8E719BB77C400247D97 /* InfoPlist.strings */; };
		90E1B8EB19BB77C400247D97 /* main.m in Sources */ = {isa = PBXBuildFile; fileRef = 90E1B8EA19BB77C400247D97 /* main.m */; };
		90E1B8EF19BB77C400247D97 /* AppDelegate.m in Sources */ = {isa = PBXBuildFile; fileRef = 90E1B8EE19BB77C400247D97 /* AppDelegate.m */; };
		90E1B8F219BB77C400247D97 /* Main.storyboard in Resources */ = {isa = PBXBuildFile; fileRef = 90E1B8F019BB77C400247D97 /* Main.storyboard */; };
		90E1B8F519BB77C400247D97 /* ViewController.m in Sources */ = {isa = PBXBuildFile; fileRef = 90E1B8F419BB77C400247D97 /* ViewController.m */; };
		90E1B8F719BB77C400247D97 /* Images.xcassets in Resources */ = {isa = PBXBuildFile; fileRef = 90E1B8F619BB77C400247D97 /* Images.xcassets */; };
		90E1B8FE19BB77C400247D97 /* XCTest.framework in Frameworks */ = {isa = PBXBuildFile; fileRef = 90E1B8FD19BB77C400247D97 /* XCTest.framework */; };
		90E1B8FF19BB77C400247D97 /* Foundation.framework in Frameworks */ = {isa = PBXBuildFile; fileRef = 90E1B8DE19BB77C400247D97 /* Foundation.framework */; };
		90E1B90019BB77C400247D97 /* UIKit.framework in Frameworks */ = {isa = PBXBuildFile; fileRef = 90E1B8E219BB77C400247D97 /* UIKit.framework */; };
		90E1B90819BB77C400247D97 /* InfoPlist.strings in Resources */ = {isa = PBXBuildFile; fileRef = 90E1B90619BB77C400247D97 /* InfoPlist.strings */; };
		90E1B90A19BB77C400247D97 /* TiemposTests.m in Sources */ = {isa = PBXBuildFile; fileRef = 90E1B90919BB77C400247D97 /* TiemposTests.m */; };
		90E1B91419BB788600247D97 /* Logo EyC.png in Resources */ = {isa = PBXBuildFile; fileRef = 90E1B91319BB788600247D97 /* Logo EyC.png */; };
		90E1B91719BB7A1900247D97 /* exit.png in Resources */ = {isa = PBXBuildFile; fileRef = 90E1B91519BB7A1900247D97 /* exit.png */; };
/* End PBXBuildFile section */

/* Begin PBXContainerItemProxy section */
		90E1B90119BB77C400247D97 /* PBXContainerItemProxy */ = {
			isa = PBXContainerItemProxy;
			containerPortal = 90E1B8D319BB77C400247D97 /* Project object */;
			proxyType = 1;
			remoteGlobalIDString = 90E1B8DA19BB77C400247D97;
			remoteInfo = Tiempos;
		};
/* End PBXContainerItemProxy section */

/* Begin PBXFileReference section */
		848D894919C159910029B28E /* Empleado.h */ = {isa = PBXFileReference; fileEncoding = 4; lastKnownFileType = sourcecode.c.h; path = Empleado.h; sourceTree = "<group>"; };
		848D894A19C159910029B28E /* Empleado.m */ = {isa = PBXFileReference; fileEncoding = 4; lastKnownFileType = sourcecode.c.objc; path = Empleado.m; sourceTree = "<group>"; };
		848D894C19C15D9B0029B28E /* MenuViewController.h */ = {isa = PBXFileReference; fileEncoding = 4; lastKnownFileType = sourcecode.c.h; path = MenuViewController.h; sourceTree = "<group>"; };
		848D894D19C15D9B0029B28E /* MenuViewController.m */ = {isa = PBXFileReference; fileEncoding = 4; lastKnownFileType = sourcecode.c.objc; path = MenuViewController.m; sourceTree = "<group>"; };
		901D23D119BFA78900A03416 /* horas.plist */ = {isa = PBXFileReference; fileEncoding = 4; lastKnownFileType = text.plist.xml; path = horas.plist; sourceTree = "<group>"; };
		901D23D619BFAA1E00A03416 /* HorasViewController.h */ = {isa = PBXFileReference; fileEncoding = 4; lastKnownFileType = sourcecode.c.h; path = HorasViewController.h; sourceTree = "<group>"; };
		901D23D719BFAA1E00A03416 /* HorasViewController.m */ = {isa = PBXFileReference; fileEncoding = 4; lastKnownFileType = sourcecode.c.objc; path = HorasViewController.m; sourceTree = "<group>"; };
		901D24EA19BFE8F400A03416 /* time.png */ = {isa = PBXFileReference; lastKnownFileType = image.png; path = time.png; sourceTree = "<group>"; };
		90AD9DC919C1F195002AEDB1 /* splash.png */ = {isa = PBXFileReference; lastKnownFileType = image.png; path = splash.png; sourceTree = "<group>"; };
		90AD9DCA19C1F195002AEDB1 /* splash@2x.png */ = {isa = PBXFileReference; lastKnownFileType = image.png; path = "splash@2x.png"; sourceTree = "<group>"; };
		90AD9DCF19C1F5E5002AEDB1 /* splash@3x.png */ = {isa = PBXFileReference; lastKnownFileType = image.png; path = "splash@3x.png"; sourceTree = "<group>"; };
		90AD9DD319C1F8D7002AEDB1 /* icon.png */ = {isa = PBXFileReference; lastKnownFileType = image.png; path = icon.png; sourceTree = "<group>"; };
		90AD9DD419C1F8D7002AEDB1 /* icon@2x.png */ = {isa = PBXFileReference; lastKnownFileType = image.png; path = "icon@2x.png"; sourceTree = "<group>"; };
		90AD9DD519C1F8D7002AEDB1 /* icon@3x.png */ = {isa = PBXFileReference; lastKnownFileType = image.png; path = "icon@3x.png"; sourceTree = "<group>"; };
		90E1B8DB19BB77C400247D97 /* Tiempos.app */ = {isa = PBXFileReference; explicitFileType = wrapper.application; includeInIndex = 0; path = Tiempos.app; sourceTree = BUILT_PRODUCTS_DIR; };
		90E1B8DE19BB77C400247D97 /* Foundation.framework */ = {isa = PBXFileReference; lastKnownFileType = wrapper.framework; name = Foundation.framework; path = System/Library/Frameworks/Foundation.framework; sourceTree = SDKROOT; };
		90E1B8E019BB77C400247D97 /* CoreGraphics.framework */ = {isa = PBXFileReference; lastKnownFileType = wrapper.framework; name = CoreGraphics.framework; path = System/Library/Frameworks/CoreGraphics.framework; sourceTree = SDKROOT; };
		90E1B8E219BB77C400247D97 /* UIKit.framework */ = {isa = PBXFileReference; lastKnownFileType = wrapper.framework; name = UIKit.framework; path = System/Library/Frameworks/UIKit.framework; sourceTree = SDKROOT; };
		90E1B8E619BB77C400247D97 /* Tiempos-Info.plist */ = {isa = PBXFileReference; lastKnownFileType = text.plist.xml; path = "Tiempos-Info.plist"; sourceTree = "<group>"; };
		90E1B8E819BB77C400247D97 /* en */ = {isa = PBXFileReference; lastKnownFileType = text.plist.strings; name = en; path = en.lproj/InfoPlist.strings; sourceTree = "<group>"; };
		90E1B8EA19BB77C400247D97 /* main.m */ = {isa = PBXFileReference; lastKnownFileType = sourcecode.c.objc; path = main.m; sourceTree = "<group>"; };
		90E1B8EC19BB77C400247D97 /* Tiempos-Prefix.pch */ = {isa = PBXFileReference; lastKnownFileType = sourcecode.c.h; path = "Tiempos-Prefix.pch"; sourceTree = "<group>"; };
		90E1B8ED19BB77C400247D97 /* AppDelegate.h */ = {isa = PBXFileReference; lastKnownFileType = sourcecode.c.h; path = AppDelegate.h; sourceTree = "<group>"; };
		90E1B8EE19BB77C400247D97 /* AppDelegate.m */ = {isa = PBXFileReference; lastKnownFileType = sourcecode.c.objc; path = AppDelegate.m; sourceTree = "<group>"; };
		90E1B8F119BB77C400247D97 /* Base */ = {isa = PBXFileReference; lastKnownFileType = file.storyboard; name = Base; path = Base.lproj/Main.storyboard; sourceTree = "<group>"; };
		90E1B8F319BB77C400247D97 /* ViewController.h */ = {isa = PBXFileReference; lastKnownFileType = sourcecode.c.h; path = ViewController.h; sourceTree = "<group>"; };
		90E1B8F419BB77C400247D97 /* ViewController.m */ = {isa = PBXFileReference; lastKnownFileType = sourcecode.c.objc; path = ViewController.m; sourceTree = "<group>"; };
		90E1B8F619BB77C400247D97 /* Images.xcassets */ = {isa = PBXFileReference; lastKnownFileType = folder.assetcatalog; path = Images.xcassets; sourceTree = "<group>"; };
		90E1B8FC19BB77C400247D97 /* TiemposTests.xctest */ = {isa = PBXFileReference; explicitFileType = wrapper.cfbundle; includeInIndex = 0; path = TiemposTests.xctest; sourceTree = BUILT_PRODUCTS_DIR; };
		90E1B8FD19BB77C400247D97 /* XCTest.framework */ = {isa = PBXFileReference; lastKnownFileType = wrapper.framework; name = XCTest.framework; path = Library/Frameworks/XCTest.framework; sourceTree = DEVELOPER_DIR; };
		90E1B90519BB77C400247D97 /* TiemposTests-Info.plist */ = {isa = PBXFileReference; lastKnownFileType = text.plist.xml; path = "TiemposTests-Info.plist"; sourceTree = "<group>"; };
		90E1B90719BB77C400247D97 /* en */ = {isa = PBXFileReference; lastKnownFileType = text.plist.strings; name = en; path = en.lproj/InfoPlist.strings; sourceTree = "<group>"; };
		90E1B90919BB77C400247D97 /* TiemposTests.m */ = {isa = PBXFileReference; lastKnownFileType = sourcecode.c.objc; path = TiemposTests.m; sourceTree = "<group>"; };
		90E1B91319BB788600247D97 /* Logo EyC.png */ = {isa = PBXFileReference; lastKnownFileType = image.png; path = "Logo EyC.png"; sourceTree = "<group>"; };
		90E1B91519BB7A1900247D97 /* exit.png */ = {isa = PBXFileReference; lastKnownFileType = image.png; path = exit.png; sourceTree = "<group>"; };
/* End PBXFileReference section */

/* Begin PBXFrameworksBuildPhase section */
		90E1B8D819BB77C400247D97 /* Frameworks */ = {
			isa = PBXFrameworksBuildPhase;
			buildActionMask = 2147483647;
			files = (
				90E1B8E119BB77C400247D97 /* CoreGraphics.framework in Frameworks */,
				90E1B8E319BB77C400247D97 /* UIKit.framework in Frameworks */,
				90E1B8DF19BB77C400247D97 /* Foundation.framework in Frameworks */,
			);
			runOnlyForDeploymentPostprocessing = 0;
		};
		90E1B8F919BB77C400247D97 /* Frameworks */ = {
			isa = PBXFrameworksBuildPhase;
			buildActionMask = 2147483647;
			files = (
				90E1B8FE19BB77C400247D97 /* XCTest.framework in Frameworks */,
				90E1B90019BB77C400247D97 /* UIKit.framework in Frameworks */,
				90E1B8FF19BB77C400247D97 /* Foundation.framework in Frameworks */,
			);
			runOnlyForDeploymentPostprocessing = 0;
		};
/* End PBXFrameworksBuildPhase section */

/* Begin PBXGroup section */
		90AD9DD919C1FA67002AEDB1 /* images */ = {
			isa = PBXGroup;
			children = (
				90AD9DD319C1F8D7002AEDB1 /* icon.png */,
				90AD9DD419C1F8D7002AEDB1 /* icon@2x.png */,
				90AD9DD519C1F8D7002AEDB1 /* icon@3x.png */,
				90AD9DCF19C1F5E5002AEDB1 /* splash@3x.png */,
				90AD9DC919C1F195002AEDB1 /* splash.png */,
				90AD9DCA19C1F195002AEDB1 /* splash@2x.png */,
			);
			name = images;
			sourceTree = "<group>";
		};
		90E1B8D219BB77C400247D97 = {
			isa = PBXGroup;
			children = (
				90AD9DD919C1FA67002AEDB1 /* images */,
				848D894919C159910029B28E /* Empleado.h */,
				848D894A19C159910029B28E /* Empleado.m */,
				901D23D619BFAA1E00A03416 /* HorasViewController.h */,
				901D23D719BFAA1E00A03416 /* HorasViewController.m */,
				901D23D119BFA78900A03416 /* horas.plist */,
				90E1B8E419BB77C400247D97 /* Tiempos */,
				90E1B90319BB77C400247D97 /* TiemposTests */,
				90E1B8DD19BB77C400247D97 /* Frameworks */,
				90E1B8DC19BB77C400247D97 /* Products */,
			);
			sourceTree = "<group>";
		};
		90E1B8DC19BB77C400247D97 /* Products */ = {
			isa = PBXGroup;
			children = (
				90E1B8DB19BB77C400247D97 /* Tiempos.app */,
				90E1B8FC19BB77C400247D97 /* TiemposTests.xctest */,
			);
			name = Products;
			sourceTree = "<group>";
		};
		90E1B8DD19BB77C400247D97 /* Frameworks */ = {
			isa = PBXGroup;
			children = (
				90E1B8DE19BB77C400247D97 /* Foundation.framework */,
				90E1B8E019BB77C400247D97 /* CoreGraphics.framework */,
				90E1B8E219BB77C400247D97 /* UIKit.framework */,
				90E1B8FD19BB77C400247D97 /* XCTest.framework */,
			);
			name = Frameworks;
			sourceTree = "<group>";
		};
		90E1B8E419BB77C400247D97 /* Tiempos */ = {
			isa = PBXGroup;
			children = (
				901D24EA19BFE8F400A03416 /* time.png */,
				90E1B8ED19BB77C400247D97 /* AppDelegate.h */,
				90E1B8EE19BB77C400247D97 /* AppDelegate.m */,
				90E1B8F019BB77C400247D97 /* Main.storyboard */,
				90E1B91519BB7A1900247D97 /* exit.png */,
				90E1B91319BB788600247D97 /* Logo EyC.png */,
				90E1B8F319BB77C400247D97 /* ViewController.h */,
				90E1B8F419BB77C400247D97 /* ViewController.m */,
				848D894C19C15D9B0029B28E /* MenuViewController.h */,
				848D894D19C15D9B0029B28E /* MenuViewController.m */,
				90E1B8F619BB77C400247D97 /* Images.xcassets */,
				90E1B8E519BB77C400247D97 /* Supporting Files */,
			);
			path = Tiempos;
			sourceTree = "<group>";
		};
		90E1B8E519BB77C400247D97 /* Supporting Files */ = {
			isa = PBXGroup;
			children = (
				90E1B8E619BB77C400247D97 /* Tiempos-Info.plist */,
				90E1B8E719BB77C400247D97 /* InfoPlist.strings */,
				90E1B8EA19BB77C400247D97 /* main.m */,
				90E1B8EC19BB77C400247D97 /* Tiempos-Prefix.pch */,
			);
			name = "Supporting Files";
			sourceTree = "<group>";
		};
		90E1B90319BB77C400247D97 /* TiemposTests */ = {
			isa = PBXGroup;
			children = (
				90E1B90919BB77C400247D97 /* TiemposTests.m */,
				90E1B90419BB77C400247D97 /* Supporting Files */,
			);
			path = TiemposTests;
			sourceTree = "<group>";
		};
		90E1B90419BB77C400247D97 /* Supporting Files */ = {
			isa = PBXGroup;
			children = (
				90E1B90519BB77C400247D97 /* TiemposTests-Info.plist */,
				90E1B90619BB77C400247D97 /* InfoPlist.strings */,
			);
			name = "Supporting Files";
			sourceTree = "<group>";
		};
/* End PBXGroup section */

/* Begin PBXNativeTarget section */
		90E1B8DA19BB77C400247D97 /* Tiempos */ = {
			isa = PBXNativeTarget;
			buildConfigurationList = 90E1B90D19BB77C400247D97 /* Build configuration list for PBXNativeTarget "Tiempos" */;
			buildPhases = (
				90E1B8D719BB77C400247D97 /* Sources */,
				90E1B8D819BB77C400247D97 /* Frameworks */,
				90E1B8D919BB77C400247D97 /* Resources */,
			);
			buildRules = (
			);
			dependencies = (
			);
			name = Tiempos;
			productName = Tiempos;
			productReference = 90E1B8DB19BB77C400247D97 /* Tiempos.app */;
			productType = "com.apple.product-type.application";
		};
		90E1B8FB19BB77C400247D97 /* TiemposTests */ = {
			isa = PBXNativeTarget;
			buildConfigurationList = 90E1B91019BB77C400247D97 /* Build configuration list for PBXNativeTarget "TiemposTests" */;
			buildPhases = (
				90E1B8F819BB77C400247D97 /* Sources */,
				90E1B8F919BB77C400247D97 /* Frameworks */,
				90E1B8FA19BB77C400247D97 /* Resources */,
			);
			buildRules = (
			);
			dependencies = (
				90E1B90219BB77C400247D97 /* PBXTargetDependency */,
			);
			name = TiemposTests;
			productName = TiemposTests;
			productReference = 90E1B8FC19BB77C400247D97 /* TiemposTests.xctest */;
			productType = "com.apple.product-type.bundle.unit-test";
		};
/* End PBXNativeTarget section */

/* Begin PBXProject section */
		90E1B8D319BB77C400247D97 /* Project object */ = {
			isa = PBXProject;
			attributes = {
				LastUpgradeCheck = 0510;
				ORGANIZATIONNAME = "Andrés Zuleta";
				TargetAttributes = {
					90E1B8FB19BB77C400247D97 = {
						TestTargetID = 90E1B8DA19BB77C400247D97;
					};
				};
			};
			buildConfigurationList = 90E1B8D619BB77C400247D97 /* Build configuration list for PBXProject "Tiempos" */;
			compatibilityVersion = "Xcode 3.2";
			developmentRegion = English;
			hasScannedForEncodings = 0;
			knownRegions = (
				en,
				Base,
			);
			mainGroup = 90E1B8D219BB77C400247D97;
			productRefGroup = 90E1B8DC19BB77C400247D97 /* Products */;
			projectDirPath = "";
			projectRoot = "";
			targets = (
				90E1B8DA19BB77C400247D97 /* Tiempos */,
				90E1B8FB19BB77C400247D97 /* TiemposTests */,
			);
		};
/* End PBXProject section */

/* Begin PBXResourcesBuildPhase section */
		90E1B8D919BB77C400247D97 /* Resources */ = {
			isa = PBXResourcesBuildPhase;
			buildActionMask = 2147483647;
			files = (
				90AD9DD019C1F5E5002AEDB1 /* splash@3x.png in Resources */,
				90AD9DCB19C1F195002AEDB1 /* splash.png in Resources */,
				90E1B8F719BB77C400247D97 /* Images.xcassets in Resources */,
				901D23D219BFA78900A03416 /* horas.plist in Resources */,
				90E1B91719BB7A1900247D97 /* exit.png in Resources */,
				90AD9DD719C1F8D7002AEDB1 /* icon@2x.png in Resources */,
				90E1B91419BB788600247D97 /* Logo EyC.png in Resources */,
				90AD9DD619C1F8D7002AEDB1 /* icon.png in Resources */,
				90AD9DD819C1F8D7002AEDB1 /* icon@3x.png in Resources */,
				90E1B8E919BB77C400247D97 /* InfoPlist.strings in Resources */,
				901D24EB19BFE8F400A03416 /* time.png in Resources */,
				90AD9DCC19C1F195002AEDB1 /* splash@2x.png in Resources */,
				90E1B8F219BB77C400247D97 /* Main.storyboard in Resources */,
			);
			runOnlyForDeploymentPostprocessing = 0;
		};
		90E1B8FA19BB77C400247D97 /* Resources */ = {
			isa = PBXResourcesBuildPhase;
			buildActionMask = 2147483647;
			files = (
				90E1B90819BB77C400247D97 /* InfoPlist.strings in Resources */,
			);
			runOnlyForDeploymentPostprocessing = 0;
		};
/* End PBXResourcesBuildPhase section */

/* Begin PBXSourcesBuildPhase section */
		90E1B8D719BB77C400247D97 /* Sources */ = {
			isa = PBXSourcesBuildPhase;
			buildActionMask = 2147483647;
			files = (
				848D894B19C159910029B28E /* Empleado.m in Sources */,
				848D894E19C15D9B0029B28E /* MenuViewController.m in Sources */,
				901D23D819BFAA1E00A03416 /* HorasViewController.m in Sources */,
				90E1B8F519BB77C400247D97 /* ViewController.m in Sources */,
				90E1B8EF19BB77C400247D97 /* AppDelegate.m in Sources */,
				90E1B8EB19BB77C400247D97 /* main.m in Sources */,
			);
			runOnlyForDeploymentPostprocessing = 0;
		};
		90E1B8F819BB77C400247D97 /* Sources */ = {
			isa = PBXSourcesBuildPhase;
			buildActionMask = 2147483647;
			files = (
				90E1B90A19BB77C400247D97 /* TiemposTests.m in Sources */,
			);
			runOnlyForDeploymentPostprocessing = 0;
		};
/* End PBXSourcesBuildPhase section */

/* Begin PBXTargetDependency section */
		90E1B90219BB77C400247D97 /* PBXTargetDependency */ = {
			isa = PBXTargetDependency;
			target = 90E1B8DA19BB77C400247D97 /* Tiempos */;
			targetProxy = 90E1B90119BB77C400247D97 /* PBXContainerItemProxy */;
		};
/* End PBXTargetDependency section */

/* Begin PBXVariantGroup section */
		90E1B8E719BB77C400247D97 /* InfoPlist.strings */ = {
			isa = PBXVariantGroup;
			children = (
				90E1B8E819BB77C400247D97 /* en */,
			);
			name = InfoPlist.strings;
			sourceTree = "<group>";
		};
		90E1B8F019BB77C400247D97 /* Main.storyboard */ = {
			isa = PBXVariantGroup;
			children = (
				90E1B8F119BB77C400247D97 /* Base */,
			);
			name = Main.storyboard;
			sourceTree = "<group>";
		};
		90E1B90619BB77C400247D97 /* InfoPlist.strings */ = {
			isa = PBXVariantGroup;
			children = (
				90E1B90719BB77C400247D97 /* en */,
			);
			name = InfoPlist.strings;
			sourceTree = "<group>";
		};
/* End PBXVariantGroup section */

/* Begin XCBuildConfiguration section */
		90E1B90B19BB77C400247D97 /* Debug */ = {
			isa = XCBuildConfiguration;
			buildSettings = {
				ALWAYS_SEARCH_USER_PATHS = NO;
				CLANG_CXX_LANGUAGE_STANDARD = "gnu++0x";
				CLANG_CXX_LIBRARY = "libc++";
				CLANG_ENABLE_MODULES = YES;
				CLANG_ENABLE_OBJC_ARC = YES;
				CLANG_WARN_BOOL_CONVERSION = YES;
				CLANG_WARN_CONSTANT_CONVERSION = YES;
				CLANG_WARN_DIRECT_OBJC_ISA_USAGE = YES_ERROR;
				CLANG_WARN_EMPTY_BODY = YES;
				CLANG_WARN_ENUM_CONVERSION = YES;
				CLANG_WARN_INT_CONVERSION = YES;
				CLANG_WARN_OBJC_ROOT_CLASS = YES_ERROR;
				CLANG_WARN__DUPLICATE_METHOD_MATCH = YES;
				"CODE_SIGN_IDENTITY[sdk=iphoneos*]" = "iPhone Developer";
				COPY_PHASE_STRIP = NO;
				GCC_C_LANGUAGE_STANDARD = gnu99;
				GCC_DYNAMIC_NO_PIC = NO;
				GCC_OPTIMIZATION_LEVEL = 0;
				GCC_PREPROCESSOR_DEFINITIONS = (
					"DEBUG=1",
					"$(inherited)",
				);
				GCC_SYMBOLS_PRIVATE_EXTERN = NO;
				GCC_WARN_64_TO_32_BIT_CONVERSION = YES;
				GCC_WARN_ABOUT_RETURN_TYPE = YES_ERROR;
				GCC_WARN_UNDECLARED_SELECTOR = YES;
				GCC_WARN_UNINITIALIZED_AUTOS = YES_AGGRESSIVE;
				GCC_WARN_UNUSED_FUNCTION = YES;
				GCC_WARN_UNUSED_VARIABLE = YES;
				IPHONEOS_DEPLOYMENT_TARGET = 7.1;
				ONLY_ACTIVE_ARCH = YES;
				SDKROOT = iphoneos;
			};
			name = Debug;
		};
		90E1B90C19BB77C400247D97 /* Release */ = {
			isa = XCBuildConfiguration;
			buildSettings = {
				ALWAYS_SEARCH_USER_PATHS = NO;
				CLANG_CXX_LANGUAGE_STANDARD = "gnu++0x";
				CLANG_CXX_LIBRARY = "libc++";
				CLANG_ENABLE_MODULES = YES;
				CLANG_ENABLE_OBJC_ARC = YES;
				CLANG_WARN_BOOL_CONVERSION = YES;
				CLANG_WARN_CONSTANT_CONVERSION = YES;
				CLANG_WARN_DIRECT_OBJC_ISA_USAGE = YES_ERROR;
				CLANG_WARN_EMPTY_BODY = YES;
				CLANG_WARN_ENUM_CONVERSION = YES;
				CLANG_WARN_INT_CONVERSION = YES;
				CLANG_WARN_OBJC_ROOT_CLASS = YES_ERROR;
				CLANG_WARN__DUPLICATE_METHOD_MATCH = YES;
				"CODE_SIGN_IDENTITY[sdk=iphoneos*]" = "iPhone Developer";
				COPY_PHASE_STRIP = YES;
				ENABLE_NS_ASSERTIONS = NO;
				GCC_C_LANGUAGE_STANDARD = gnu99;
				GCC_WARN_64_TO_32_BIT_CONVERSION = YES;
				GCC_WARN_ABOUT_RETURN_TYPE = YES_ERROR;
				GCC_WARN_UNDECLARED_SELECTOR = YES;
				GCC_WARN_UNINITIALIZED_AUTOS = YES_AGGRESSIVE;
				GCC_WARN_UNUSED_FUNCTION = YES;
				GCC_WARN_UNUSED_VARIABLE = YES;
				IPHONEOS_DEPLOYMENT_TARGET = 7.1;
				SDKROOT = iphoneos;
				VALIDATE_PRODUCT = YES;
			};
			name = Release;
		};
		90E1B90E19BB77C400247D97 /* Debug */ = {
			isa = XCBuildConfiguration;
			buildSettings = {
				ASSETCATALOG_COMPILER_APPICON_NAME = "AppIcon-2";
				ASSETCATALOG_COMPILER_LAUNCHIMAGE_NAME = "LaunchImage-2";
				GCC_PRECOMPILE_PREFIX_HEADER = YES;
				GCC_PREFIX_HEADER = "Tiempos/Tiempos-Prefix.pch";
				INFOPLIST_FILE = "Tiempos/Tiempos-Info.plist";
				IPHONEOS_DEPLOYMENT_TARGET = 7.0;
				PRODUCT_NAME = "$(TARGET_NAME)";
				WRAPPER_EXTENSION = app;
			};
			name = Debug;
		};
		90E1B90F19BB77C400247D97 /* Release */ = {
			isa = XCBuildConfiguration;
			buildSettings = {
				ASSETCATALOG_COMPILER_APPICON_NAME = "AppIcon-2";
				ASSETCATALOG_COMPILER_LAUNCHIMAGE_NAME = "LaunchImage-2";
				GCC_PRECOMPILE_PREFIX_HEADER = YES;
				GCC_PREFIX_HEADER = "Tiempos/Tiempos-Prefix.pch";
				INFOPLIST_FILE = "Tiempos/Tiempos-Info.plist";
				IPHONEOS_DEPLOYMENT_TARGET = 7.0;
				PRODUCT_NAME = "$(TARGET_NAME)";
				WRAPPER_EXTENSION = app;
			};
			name = Release;
		};
		90E1B91119BB77C400247D97 /* Debug */ = {
			isa = XCBuildConfiguration;
			buildSettings = {
				BUNDLE_LOADER = "$(BUILT_PRODUCTS_DIR)/Tiempos.app/Tiempos";
				FRAMEWORK_SEARCH_PATHS = (
					"$(SDKROOT)/Developer/Library/Frameworks",
					"$(inherited)",
					"$(DEVELOPER_FRAMEWORKS_DIR)",
				);
				GCC_PRECOMPILE_PREFIX_HEADER = YES;
				GCC_PREFIX_HEADER = "Tiempos/Tiempos-Prefix.pch";
				GCC_PREPROCESSOR_DEFINITIONS = (
					"DEBUG=1",
					"$(inherited)",
				);
				INFOPLIST_FILE = "TiemposTests/TiemposTests-Info.plist";
				PRODUCT_NAME = "$(TARGET_NAME)";
				TEST_HOST = "$(BUNDLE_LOADER)";
				WRAPPER_EXTENSION = xctest;
			};
			name = Debug;
		};
		90E1B91219BB77C400247D97 /* Release */ = {
			isa = XCBuildConfiguration;
			buildSettings = {
				BUNDLE_LOADER = "$(BUILT_PRODUCTS_DIR)/Tiempos.app/Tiempos";
				FRAMEWORK_SEARCH_PATHS = (
					"$(SDKROOT)/Developer/Library/Frameworks",
					"$(inherited)",
					"$(DEVELOPER_FRAMEWORKS_DIR)",
				);
				GCC_PRECOMPILE_PREFIX_HEADER = YES;
				GCC_PREFIX_HEADER = "Tiempos/Tiempos-Prefix.pch";
				INFOPLIST_FILE = "TiemposTests/TiemposTests-Info.plist";
				PRODUCT_NAME = "$(TARGET_NAME)";
				TEST_HOST = "$(BUNDLE_LOADER)";
				WRAPPER_EXTENSION = xctest;
			};
			name = Release;
		};
/* End XCBuildConfiguration section */

/* Begin XCConfigurationList section */
		90E1B8D619BB77C400247D97 /* Build configuration list for PBXProject "Tiempos" */ = {
			isa = XCConfigurationList;
			buildConfigurations = (
				90E1B90B19BB77C400247D97 /* Debug */,
				90E1B90C19BB77C400247D97 /* Release */,
			);
			defaultConfigurationIsVisible = 0;
			defaultConfigurationName = Release;
		};
		90E1B90D19BB77C400247D97 /* Build configuration list for PBXNativeTarget "Tiempos" */ = {
			isa = XCConfigurationList;
			buildConfigurations = (
				90E1B90E19BB77C400247D97 /* Debug */,
				90E1B90F19BB77C400247D97 /* Release */,
			);
			defaultConfigurationIsVisible = 0;
			defaultConfigurationName = Release;
		};
		90E1B91019BB77C400247D97 /* Build configuration list for PBXNativeTarget "TiemposTests" */ = {
			isa = XCConfigurationList;
			buildConfigurations = (
				90E1B91119BB77C400247D97 /* Debug */,
				90E1B91219BB77C400247D97 /* Release */,
			);
			defaultConfigurationIsVisible = 0;
			defaultConfigurationName = Release;
		};
/* End XCConfigurationList section */
	};
	rootObject = 90E1B8D319BB77C400247D97 /* Project object */;
}
